// !$*UTF8*$!
{
	archiveVersion = 1;
	classes = {
	};
	objectVersion = 50;
	objects = {

/* Begin PBXBuildFile section */
		4C15244023E1CB5B001060A7 /* UIViewController.swift in Sources */ = {isa = PBXBuildFile; fileRef = 4C15243F23E1CB5B001060A7 /* UIViewController.swift */; };
		4C15244223E1CCB2001060A7 /* RequestProvider.swift in Sources */ = {isa = PBXBuildFile; fileRef = 4C15244123E1CCB2001060A7 /* RequestProvider.swift */; };
		4C15244623E1D4E1001060A7 /* AddNoteViewController.swift in Sources */ = {isa = PBXBuildFile; fileRef = 4C15244523E1D4E1001060A7 /* AddNoteViewController.swift */; };
		4C15244823E1D7CB001060A7 /* AddNoteViewModel.swift in Sources */ = {isa = PBXBuildFile; fileRef = 4C15244723E1D7CB001060A7 /* AddNoteViewModel.swift */; };
		4C15244B23E2DF6A001060A7 /* NoteView.swift in Sources */ = {isa = PBXBuildFile; fileRef = 4C15244A23E2DF6A001060A7 /* NoteView.swift */; };
		4C15244E23E2E6F4001060A7 /* ToggleKeyboardViewController.swift in Sources */ = {isa = PBXBuildFile; fileRef = 4C15244D23E2E6F4001060A7 /* ToggleKeyboardViewController.swift */; };
		4C15245123E2E753001060A7 /* ColorsViewController.swift in Sources */ = {isa = PBXBuildFile; fileRef = 4C15245023E2E753001060A7 /* ColorsViewController.swift */; };
		4C15245423E2E7A1001060A7 /* ColorTableViewCell.swift in Sources */ = {isa = PBXBuildFile; fileRef = 4C15245323E2E7A1001060A7 /* ColorTableViewCell.swift */; };
		4C15245623E2E7FC001060A7 /* ColorsViewModel.swift in Sources */ = {isa = PBXBuildFile; fileRef = 4C15245523E2E7FC001060A7 /* ColorsViewModel.swift */; };
		4C15245823E2E8EF001060A7 /* ColorCellViewModel.swift in Sources */ = {isa = PBXBuildFile; fileRef = 4C15245723E2E8EF001060A7 /* ColorCellViewModel.swift */; };
		4C15245A23E2EBAF001060A7 /* Color.swift in Sources */ = {isa = PBXBuildFile; fileRef = 4C15245923E2EBAF001060A7 /* Color.swift */; };
		4C1F8BCB23E1A3EE00D5413C /* AppDelegate.swift in Sources */ = {isa = PBXBuildFile; fileRef = 4C1F8BCA23E1A3EE00D5413C /* AppDelegate.swift */; };
		4C1F8BCD23E1A3EE00D5413C /* SceneDelegate.swift in Sources */ = {isa = PBXBuildFile; fileRef = 4C1F8BCC23E1A3EE00D5413C /* SceneDelegate.swift */; };
		4C1F8BD423E1A3F300D5413C /* Assets.xcassets in Resources */ = {isa = PBXBuildFile; fileRef = 4C1F8BD323E1A3F300D5413C /* Assets.xcassets */; };
		4C1F8BD723E1A3F300D5413C /* LaunchScreen.storyboard in Resources */ = {isa = PBXBuildFile; fileRef = 4C1F8BD523E1A3F300D5413C /* LaunchScreen.storyboard */; };
		4C1F8BE123E1A45800D5413C /* Default-568h@2x.png in Resources */ = {isa = PBXBuildFile; fileRef = 4C1F8BE023E1A45800D5413C /* Default-568h@2x.png */; };
		4C2CDD5F23E5B06100ACF814 /* UpdateNoteViewController.swift in Sources */ = {isa = PBXBuildFile; fileRef = 4C2CDD5E23E5B06100ACF814 /* UpdateNoteViewController.swift */; };
		4C2CDD6123E5B4BB00ACF814 /* UpdateNoteViewModel.swift in Sources */ = {isa = PBXBuildFile; fileRef = 4C2CDD6023E5B4BB00ACF814 /* UpdateNoteViewModel.swift */; };
		4C49671623E59E7100E0663B /* UIView.swift in Sources */ = {isa = PBXBuildFile; fileRef = 4C49671523E59E7100E0663B /* UIView.swift */; };
		4CFDA84223E1A6B30059B591 /* BscNavigationController.swift in Sources */ = {isa = PBXBuildFile; fileRef = 4CFDA84123E1A6B30059B591 /* BscNavigationController.swift */; };
		4CFDA84523E1A6E70059B591 /* ColorPalette.swift in Sources */ = {isa = PBXBuildFile; fileRef = 4CFDA84423E1A6E70059B591 /* ColorPalette.swift */; };
		4CFDA84823E1A7880059B591 /* UIColor.swift in Sources */ = {isa = PBXBuildFile; fileRef = 4CFDA84723E1A7880059B591 /* UIColor.swift */; };
		4CFDA84C23E1A7D00059B591 /* NotesViewController.swift in Sources */ = {isa = PBXBuildFile; fileRef = 4CFDA84B23E1A7D00059B591 /* NotesViewController.swift */; };
		4CFDA84F23E1A9080059B591 /* NoteCollectionViewCell.swift in Sources */ = {isa = PBXBuildFile; fileRef = 4CFDA84E23E1A9080059B591 /* NoteCollectionViewCell.swift */; };
		4CFDA85223E1A9330059B591 /* CellProtocol.swift in Sources */ = {isa = PBXBuildFile; fileRef = 4CFDA85123E1A9330059B591 /* CellProtocol.swift */; };
		4CFDA85423E1A94E0059B591 /* NotesViewModel.swift in Sources */ = {isa = PBXBuildFile; fileRef = 4CFDA85323E1A94E0059B591 /* NotesViewModel.swift */; };
		4CFDA85823E1AD220059B591 /* NoteCellViewModel.swift in Sources */ = {isa = PBXBuildFile; fileRef = 4CFDA85723E1AD220059B591 /* NoteCellViewModel.swift */; };
		4CFDA85A23E1B1D50059B591 /* String.swift in Sources */ = {isa = PBXBuildFile; fileRef = 4CFDA85923E1B1D50059B591 /* String.swift */; };
		4CFDA85D23E1BBAB0059B591 /* Loadable.swift in Sources */ = {isa = PBXBuildFile; fileRef = 4CFDA85C23E1BBAB0059B591 /* Loadable.swift */; };
		4CFDA86023E1C3200059B591 /* Note.swift in Sources */ = {isa = PBXBuildFile; fileRef = 4CFDA85F23E1C3200059B591 /* Note.swift */; };
		4CFDA86423E1C3D10059B591 /* NoteProvider.swift in Sources */ = {isa = PBXBuildFile; fileRef = 4CFDA86323E1C3D10059B591 /* NoteProvider.swift */; };
		4CFDA86723E1C48E0059B591 /* NetworkManager.swift in Sources */ = {isa = PBXBuildFile; fileRef = 4CFDA86623E1C48E0059B591 /* NetworkManager.swift */; };
		4CFDA86923E1C4C30059B591 /* BscEndpoint.swift in Sources */ = {isa = PBXBuildFile; fileRef = 4CFDA86823E1C4C30059B591 /* BscEndpoint.swift */; };
		4CFDA86C23E1C5DE0059B591 /* NetworkError.swift in Sources */ = {isa = PBXBuildFile; fileRef = 4CFDA86B23E1C5DE0059B591 /* NetworkError.swift */; };
		4CFDA86E23E1C5F80059B591 /* ApplicationError.swift in Sources */ = {isa = PBXBuildFile; fileRef = 4CFDA86D23E1C5F80059B591 /* ApplicationError.swift */; };
/* End PBXBuildFile section */

/* Begin PBXFileReference section */
		4C15243F23E1CB5B001060A7 /* UIViewController.swift */ = {isa = PBXFileReference; lastKnownFileType = sourcecode.swift; path = UIViewController.swift; sourceTree = "<group>"; };
		4C15244123E1CCB2001060A7 /* RequestProvider.swift */ = {isa = PBXFileReference; lastKnownFileType = sourcecode.swift; path = RequestProvider.swift; sourceTree = "<group>"; };
		4C15244523E1D4E1001060A7 /* AddNoteViewController.swift */ = {isa = PBXFileReference; lastKnownFileType = sourcecode.swift; path = AddNoteViewController.swift; sourceTree = "<group>"; };
		4C15244723E1D7CB001060A7 /* AddNoteViewModel.swift */ = {isa = PBXFileReference; lastKnownFileType = sourcecode.swift; path = AddNoteViewModel.swift; sourceTree = "<group>"; };
		4C15244A23E2DF6A001060A7 /* NoteView.swift */ = {isa = PBXFileReference; lastKnownFileType = sourcecode.swift; path = NoteView.swift; sourceTree = "<group>"; };
		4C15244D23E2E6F4001060A7 /* ToggleKeyboardViewController.swift */ = {isa = PBXFileReference; lastKnownFileType = sourcecode.swift; path = ToggleKeyboardViewController.swift; sourceTree = "<group>"; };
		4C15245023E2E753001060A7 /* ColorsViewController.swift */ = {isa = PBXFileReference; lastKnownFileType = sourcecode.swift; path = ColorsViewController.swift; sourceTree = "<group>"; };
		4C15245323E2E7A1001060A7 /* ColorTableViewCell.swift */ = {isa = PBXFileReference; lastKnownFileType = sourcecode.swift; path = ColorTableViewCell.swift; sourceTree = "<group>"; };
		4C15245523E2E7FC001060A7 /* ColorsViewModel.swift */ = {isa = PBXFileReference; lastKnownFileType = sourcecode.swift; path = ColorsViewModel.swift; sourceTree = "<group>"; };
		4C15245723E2E8EF001060A7 /* ColorCellViewModel.swift */ = {isa = PBXFileReference; lastKnownFileType = sourcecode.swift; path = ColorCellViewModel.swift; sourceTree = "<group>"; };
		4C15245923E2EBAF001060A7 /* Color.swift */ = {isa = PBXFileReference; lastKnownFileType = sourcecode.swift; path = Color.swift; sourceTree = "<group>"; };
		4C1F8BC723E1A3EE00D5413C /* BSCTest.app */ = {isa = PBXFileReference; explicitFileType = wrapper.application; includeInIndex = 0; path = BSCTest.app; sourceTree = BUILT_PRODUCTS_DIR; };
		4C1F8BCA23E1A3EE00D5413C /* AppDelegate.swift */ = {isa = PBXFileReference; lastKnownFileType = sourcecode.swift; path = AppDelegate.swift; sourceTree = "<group>"; };
		4C1F8BCC23E1A3EE00D5413C /* SceneDelegate.swift */ = {isa = PBXFileReference; lastKnownFileType = sourcecode.swift; path = SceneDelegate.swift; sourceTree = "<group>"; };
		4C1F8BD323E1A3F300D5413C /* Assets.xcassets */ = {isa = PBXFileReference; lastKnownFileType = folder.assetcatalog; path = Assets.xcassets; sourceTree = "<group>"; };
		4C1F8BD623E1A3F300D5413C /* Base */ = {isa = PBXFileReference; lastKnownFileType = file.storyboard; name = Base; path = Base.lproj/LaunchScreen.storyboard; sourceTree = "<group>"; };
		4C1F8BD823E1A3F300D5413C /* Info.plist */ = {isa = PBXFileReference; lastKnownFileType = text.plist.xml; path = Info.plist; sourceTree = "<group>"; };
		4C1F8BE023E1A45800D5413C /* Default-568h@2x.png */ = {isa = PBXFileReference; lastKnownFileType = image.png; path = "Default-568h@2x.png"; sourceTree = "<group>"; };
		4C2CDD5E23E5B06100ACF814 /* UpdateNoteViewController.swift */ = {isa = PBXFileReference; lastKnownFileType = sourcecode.swift; path = UpdateNoteViewController.swift; sourceTree = "<group>"; };
		4C2CDD6023E5B4BB00ACF814 /* UpdateNoteViewModel.swift */ = {isa = PBXFileReference; lastKnownFileType = sourcecode.swift; path = UpdateNoteViewModel.swift; sourceTree = "<group>"; };
		4C49671523E59E7100E0663B /* UIView.swift */ = {isa = PBXFileReference; lastKnownFileType = sourcecode.swift; path = UIView.swift; sourceTree = "<group>"; };
		4CFDA84123E1A6B30059B591 /* BscNavigationController.swift */ = {isa = PBXFileReference; lastKnownFileType = sourcecode.swift; path = BscNavigationController.swift; sourceTree = "<group>"; };
		4CFDA84423E1A6E70059B591 /* ColorPalette.swift */ = {isa = PBXFileReference; lastKnownFileType = sourcecode.swift; path = ColorPalette.swift; sourceTree = "<group>"; };
		4CFDA84723E1A7880059B591 /* UIColor.swift */ = {isa = PBXFileReference; lastKnownFileType = sourcecode.swift; path = UIColor.swift; sourceTree = "<group>"; };
		4CFDA84B23E1A7D00059B591 /* NotesViewController.swift */ = {isa = PBXFileReference; lastKnownFileType = sourcecode.swift; path = NotesViewController.swift; sourceTree = "<group>"; };
		4CFDA84E23E1A9080059B591 /* NoteCollectionViewCell.swift */ = {isa = PBXFileReference; lastKnownFileType = sourcecode.swift; path = NoteCollectionViewCell.swift; sourceTree = "<group>"; };
		4CFDA85123E1A9330059B591 /* CellProtocol.swift */ = {isa = PBXFileReference; lastKnownFileType = sourcecode.swift; path = CellProtocol.swift; sourceTree = "<group>"; };
		4CFDA85323E1A94E0059B591 /* NotesViewModel.swift */ = {isa = PBXFileReference; lastKnownFileType = sourcecode.swift; path = NotesViewModel.swift; sourceTree = "<group>"; };
		4CFDA85723E1AD220059B591 /* NoteCellViewModel.swift */ = {isa = PBXFileReference; lastKnownFileType = sourcecode.swift; path = NoteCellViewModel.swift; sourceTree = "<group>"; };
		4CFDA85923E1B1D50059B591 /* String.swift */ = {isa = PBXFileReference; lastKnownFileType = sourcecode.swift; path = String.swift; sourceTree = "<group>"; };
		4CFDA85C23E1BBAB0059B591 /* Loadable.swift */ = {isa = PBXFileReference; lastKnownFileType = sourcecode.swift; path = Loadable.swift; sourceTree = "<group>"; };
		4CFDA85F23E1C3200059B591 /* Note.swift */ = {isa = PBXFileReference; lastKnownFileType = sourcecode.swift; path = Note.swift; sourceTree = "<group>"; };
		4CFDA86323E1C3D10059B591 /* NoteProvider.swift */ = {isa = PBXFileReference; lastKnownFileType = sourcecode.swift; path = NoteProvider.swift; sourceTree = "<group>"; };
		4CFDA86623E1C48E0059B591 /* NetworkManager.swift */ = {isa = PBXFileReference; lastKnownFileType = sourcecode.swift; path = NetworkManager.swift; sourceTree = "<group>"; };
		4CFDA86823E1C4C30059B591 /* BscEndpoint.swift */ = {isa = PBXFileReference; lastKnownFileType = sourcecode.swift; path = BscEndpoint.swift; sourceTree = "<group>"; };
		4CFDA86B23E1C5DE0059B591 /* NetworkError.swift */ = {isa = PBXFileReference; lastKnownFileType = sourcecode.swift; path = NetworkError.swift; sourceTree = "<group>"; };
		4CFDA86D23E1C5F80059B591 /* ApplicationError.swift */ = {isa = PBXFileReference; lastKnownFileType = sourcecode.swift; path = ApplicationError.swift; sourceTree = "<group>"; };
/* End PBXFileReference section */

/* Begin PBXFrameworksBuildPhase section */
		4C1F8BC423E1A3EE00D5413C /* Frameworks */ = {
			isa = PBXFrameworksBuildPhase;
			buildActionMask = 2147483647;
			files = (
			);
			runOnlyForDeploymentPostprocessing = 0;
		};
/* End PBXFrameworksBuildPhase section */

/* Begin PBXGroup section */
		4C15244423E1D4D4001060A7 /* AddNote */ = {
			isa = PBXGroup;
			children = (
				4C15244523E1D4E1001060A7 /* AddNoteViewController.swift */,
				4C15244723E1D7CB001060A7 /* AddNoteViewModel.swift */,
			);
			path = AddNote;
			sourceTree = "<group>";
		};
		4C15244C23E2E6E4001060A7 /* Helpers */ = {
			isa = PBXGroup;
			children = (
				4C15244D23E2E6F4001060A7 /* ToggleKeyboardViewController.swift */,
			);
			path = Helpers;
			sourceTree = "<group>";
		};
		4C15244F23E2E723001060A7 /* Colors */ = {
			isa = PBXGroup;
			children = (
				4C15245223E2E796001060A7 /* Cells */,
				4C15245023E2E753001060A7 /* ColorsViewController.swift */,
				4C15245523E2E7FC001060A7 /* ColorsViewModel.swift */,
			);
			path = Colors;
			sourceTree = "<group>";
		};
		4C15245223E2E796001060A7 /* Cells */ = {
			isa = PBXGroup;
			children = (
				4C15245323E2E7A1001060A7 /* ColorTableViewCell.swift */,
				4C15245723E2E8EF001060A7 /* ColorCellViewModel.swift */,
			);
			path = Cells;
			sourceTree = "<group>";
		};
		4C1F8BBE23E1A3EE00D5413C = {
			isa = PBXGroup;
			children = (
				4C1F8BC923E1A3EE00D5413C /* BSCTest */,
				4C1F8BC823E1A3EE00D5413C /* Products */,
			);
			sourceTree = "<group>";
		};
		4C1F8BC823E1A3EE00D5413C /* Products */ = {
			isa = PBXGroup;
			children = (
				4C1F8BC723E1A3EE00D5413C /* BSCTest.app */,
			);
			name = Products;
			sourceTree = "<group>";
		};
		4C1F8BC923E1A3EE00D5413C /* BSCTest */ = {
			isa = PBXGroup;
			children = (
				4C1F8BE223E1A45F00D5413C /* src */,
				4C1F8BDF23E1A44400D5413C /* Resources */,
				4C1F8BDE23E1A43100D5413C /* SupportingFiles */,
			);
			path = BSCTest;
			sourceTree = "<group>";
		};
		4C1F8BDE23E1A43100D5413C /* SupportingFiles */ = {
			isa = PBXGroup;
			children = (
				4C1F8BCA23E1A3EE00D5413C /* AppDelegate.swift */,
				4C1F8BCC23E1A3EE00D5413C /* SceneDelegate.swift */,
				4C1F8BD823E1A3F300D5413C /* Info.plist */,
			);
			path = SupportingFiles;
			sourceTree = "<group>";
		};
		4C1F8BDF23E1A44400D5413C /* Resources */ = {
			isa = PBXGroup;
			children = (
				4C1F8BE023E1A45800D5413C /* Default-568h@2x.png */,
				4C1F8BD523E1A3F300D5413C /* LaunchScreen.storyboard */,
				4C1F8BD323E1A3F300D5413C /* Assets.xcassets */,
			);
			path = Resources;
			sourceTree = "<group>";
		};
		4C1F8BE223E1A45F00D5413C /* src */ = {
			isa = PBXGroup;
			children = (
				4C15244C23E2E6E4001060A7 /* Helpers */,
				4CFDA86123E1C36B0059B591 /* Networking */,
				4CFDA85E23E1C3140059B591 /* Models */,
				4CFDA85023E1A9290059B591 /* Protocols */,
				4CFDA84623E1A77D0059B591 /* Extensions */,
				4CFDA84323E1A6D70059B591 /* ColorPalette */,
				4CFDA83F23E1A6860059B591 /* Modules */,
			);
			path = src;
			sourceTree = "<group>";
		};
		4C280EAC23E5A71000FA7D3B /* Commons */ = {
			isa = PBXGroup;
			children = (
				4C15244A23E2DF6A001060A7 /* NoteView.swift */,
			);
			path = Commons;
			sourceTree = "<group>";
		};
		4C2CDD5D23E5AB8400ACF814 /* UpdateNote */ = {
			isa = PBXGroup;
			children = (
				4C2CDD5E23E5B06100ACF814 /* UpdateNoteViewController.swift */,
				4C2CDD6023E5B4BB00ACF814 /* UpdateNoteViewModel.swift */,
			);
			path = UpdateNote;
			sourceTree = "<group>";
		};
		4CFDA83F23E1A6860059B591 /* Modules */ = {
			isa = PBXGroup;
			children = (
				4C15244F23E2E723001060A7 /* Colors */,
				4CFDA84923E1A7B10059B591 /* Notes */,
				4CFDA84023E1A69C0059B591 /* Navigation */,
			);
			path = Modules;
			sourceTree = "<group>";
		};
		4CFDA84023E1A69C0059B591 /* Navigation */ = {
			isa = PBXGroup;
			children = (
				4CFDA84123E1A6B30059B591 /* BscNavigationController.swift */,
			);
			path = Navigation;
			sourceTree = "<group>";
		};
		4CFDA84323E1A6D70059B591 /* ColorPalette */ = {
			isa = PBXGroup;
			children = (
				4CFDA84423E1A6E70059B591 /* ColorPalette.swift */,
			);
			path = ColorPalette;
			sourceTree = "<group>";
		};
		4CFDA84623E1A77D0059B591 /* Extensions */ = {
			isa = PBXGroup;
			children = (
				4CFDA84723E1A7880059B591 /* UIColor.swift */,
				4CFDA85923E1B1D50059B591 /* String.swift */,
				4C15243F23E1CB5B001060A7 /* UIViewController.swift */,
				4C49671523E59E7100E0663B /* UIView.swift */,
			);
			path = Extensions;
			sourceTree = "<group>";
		};
		4CFDA84923E1A7B10059B591 /* Notes */ = {
			isa = PBXGroup;
			children = (
				4C2CDD5D23E5AB8400ACF814 /* UpdateNote */,
				4C15244423E1D4D4001060A7 /* AddNote */,
				4C280EAC23E5A71000FA7D3B /* Commons */,
				4CFDA84A23E1A7BA0059B591 /* List */,
			);
			path = Notes;
			sourceTree = "<group>";
		};
		4CFDA84A23E1A7BA0059B591 /* List */ = {
			isa = PBXGroup;
			children = (
				4CFDA84D23E1A8FA0059B591 /* Cells */,
				4CFDA84B23E1A7D00059B591 /* NotesViewController.swift */,
				4CFDA85323E1A94E0059B591 /* NotesViewModel.swift */,
			);
			path = List;
			sourceTree = "<group>";
		};
		4CFDA84D23E1A8FA0059B591 /* Cells */ = {
			isa = PBXGroup;
			children = (
				4CFDA84E23E1A9080059B591 /* NoteCollectionViewCell.swift */,
				4CFDA85723E1AD220059B591 /* NoteCellViewModel.swift */,
			);
			path = Cells;
			sourceTree = "<group>";
		};
		4CFDA85023E1A9290059B591 /* Protocols */ = {
			isa = PBXGroup;
			children = (
				4CFDA85123E1A9330059B591 /* CellProtocol.swift */,
				4CFDA85C23E1BBAB0059B591 /* Loadable.swift */,
			);
			path = Protocols;
			sourceTree = "<group>";
		};
		4CFDA85E23E1C3140059B591 /* Models */ = {
			isa = PBXGroup;
			children = (
				4CFDA85F23E1C3200059B591 /* Note.swift */,
				4C15245923E2EBAF001060A7 /* Color.swift */,
			);
			path = Models;
			sourceTree = "<group>";
		};
		4CFDA86123E1C36B0059B591 /* Networking */ = {
			isa = PBXGroup;
			children = (
				4CFDA86A23E1C5B00059B591 /* Errors */,
				4CFDA86523E1C41B0059B591 /* Endpoints */,
				4CFDA86223E1C3C70059B591 /* Providers */,
				4CFDA86623E1C48E0059B591 /* NetworkManager.swift */,
			);
			path = Networking;
			sourceTree = "<group>";
		};
		4CFDA86223E1C3C70059B591 /* Providers */ = {
			isa = PBXGroup;
			children = (
				4C15244123E1CCB2001060A7 /* RequestProvider.swift */,
				4CFDA86323E1C3D10059B591 /* NoteProvider.swift */,
			);
			path = Providers;
			sourceTree = "<group>";
		};
		4CFDA86523E1C41B0059B591 /* Endpoints */ = {
			isa = PBXGroup;
			children = (
				4CFDA86823E1C4C30059B591 /* BscEndpoint.swift */,
			);
			path = Endpoints;
			sourceTree = "<group>";
		};
		4CFDA86A23E1C5B00059B591 /* Errors */ = {
			isa = PBXGroup;
			children = (
				4CFDA86B23E1C5DE0059B591 /* NetworkError.swift */,
				4CFDA86D23E1C5F80059B591 /* ApplicationError.swift */,
			);
			path = Errors;
			sourceTree = "<group>";
		};
/* End PBXGroup section */

/* Begin PBXNativeTarget section */
		4C1F8BC623E1A3EE00D5413C /* BSCTest */ = {
			isa = PBXNativeTarget;
			buildConfigurationList = 4C1F8BDB23E1A3F300D5413C /* Build configuration list for PBXNativeTarget "BSCTest" */;
			buildPhases = (
				4C1F8BC323E1A3EE00D5413C /* Sources */,
				4C1F8BC423E1A3EE00D5413C /* Frameworks */,
				4C1F8BC523E1A3EE00D5413C /* Resources */,
			);
			buildRules = (
			);
			dependencies = (
			);
			name = BSCTest;
			productName = BSCTest;
			productReference = 4C1F8BC723E1A3EE00D5413C /* BSCTest.app */;
			productType = "com.apple.product-type.application";
		};
/* End PBXNativeTarget section */

/* Begin PBXProject section */
		4C1F8BBF23E1A3EE00D5413C /* Project object */ = {
			isa = PBXProject;
			attributes = {
				LastSwiftUpdateCheck = 1130;
				LastUpgradeCheck = 1130;
				ORGANIZATIONNAME = danielfcodes;
				TargetAttributes = {
					4C1F8BC623E1A3EE00D5413C = {
						CreatedOnToolsVersion = 11.3.1;
					};
				};
			};
			buildConfigurationList = 4C1F8BC223E1A3EE00D5413C /* Build configuration list for PBXProject "BSCTest" */;
			compatibilityVersion = "Xcode 9.3";
			developmentRegion = en;
			hasScannedForEncodings = 0;
			knownRegions = (
				en,
				Base,
			);
			mainGroup = 4C1F8BBE23E1A3EE00D5413C;
			productRefGroup = 4C1F8BC823E1A3EE00D5413C /* Products */;
			projectDirPath = "";
			projectRoot = "";
			targets = (
				4C1F8BC623E1A3EE00D5413C /* BSCTest */,
			);
		};
/* End PBXProject section */

/* Begin PBXResourcesBuildPhase section */
		4C1F8BC523E1A3EE00D5413C /* Resources */ = {
			isa = PBXResourcesBuildPhase;
			buildActionMask = 2147483647;
			files = (
				4C1F8BD723E1A3F300D5413C /* LaunchScreen.storyboard in Resources */,
				4C1F8BD423E1A3F300D5413C /* Assets.xcassets in Resources */,
				4C1F8BE123E1A45800D5413C /* Default-568h@2x.png in Resources */,
			);
			runOnlyForDeploymentPostprocessing = 0;
		};
/* End PBXResourcesBuildPhase section */

/* Begin PBXSourcesBuildPhase section */
		4C1F8BC323E1A3EE00D5413C /* Sources */ = {
			isa = PBXSourcesBuildPhase;
			buildActionMask = 2147483647;
			files = (
				4CFDA84223E1A6B30059B591 /* BscNavigationController.swift in Sources */,
				4C1F8BCB23E1A3EE00D5413C /* AppDelegate.swift in Sources */,
				4CFDA85823E1AD220059B591 /* NoteCellViewModel.swift in Sources */,
				4C15245423E2E7A1001060A7 /* ColorTableViewCell.swift in Sources */,
				4C15244023E1CB5B001060A7 /* UIViewController.swift in Sources */,
				4C2CDD5F23E5B06100ACF814 /* UpdateNoteViewController.swift in Sources */,
				4CFDA84C23E1A7D00059B591 /* NotesViewController.swift in Sources */,
				4C15245123E2E753001060A7 /* ColorsViewController.swift in Sources */,
				4CFDA86723E1C48E0059B591 /* NetworkManager.swift in Sources */,
				4C15245623E2E7FC001060A7 /* ColorsViewModel.swift in Sources */,
				4CFDA85D23E1BBAB0059B591 /* Loadable.swift in Sources */,
				4C49671623E59E7100E0663B /* UIView.swift in Sources */,
				4CFDA86423E1C3D10059B591 /* NoteProvider.swift in Sources */,
				4C1F8BCD23E1A3EE00D5413C /* SceneDelegate.swift in Sources */,
				4CFDA84523E1A6E70059B591 /* ColorPalette.swift in Sources */,
				4C15244823E1D7CB001060A7 /* AddNoteViewModel.swift in Sources */,
				4C15244E23E2E6F4001060A7 /* ToggleKeyboardViewController.swift in Sources */,
				4CFDA85A23E1B1D50059B591 /* String.swift in Sources */,
				4CFDA86E23E1C5F80059B591 /* ApplicationError.swift in Sources */,
				4C15245A23E2EBAF001060A7 /* Color.swift in Sources */,
				4CFDA85423E1A94E0059B591 /* NotesViewModel.swift in Sources */,
				4C15245823E2E8EF001060A7 /* ColorCellViewModel.swift in Sources */,
				4CFDA86923E1C4C30059B591 /* BscEndpoint.swift in Sources */,
				4C15244623E1D4E1001060A7 /* AddNoteViewController.swift in Sources */,
				4CFDA86023E1C3200059B591 /* Note.swift in Sources */,
				4C2CDD6123E5B4BB00ACF814 /* UpdateNoteViewModel.swift in Sources */,
				4CFDA84F23E1A9080059B591 /* NoteCollectionViewCell.swift in Sources */,
				4C15244223E1CCB2001060A7 /* RequestProvider.swift in Sources */,
				4CFDA86C23E1C5DE0059B591 /* NetworkError.swift in Sources */,
				4C15244B23E2DF6A001060A7 /* NoteView.swift in Sources */,
				4CFDA84823E1A7880059B591 /* UIColor.swift in Sources */,
				4CFDA85223E1A9330059B591 /* CellProtocol.swift in Sources */,
			);
			runOnlyForDeploymentPostprocessing = 0;
		};
/* End PBXSourcesBuildPhase section */

/* Begin PBXVariantGroup section */
		4C1F8BD523E1A3F300D5413C /* LaunchScreen.storyboard */ = {
			isa = PBXVariantGroup;
			children = (
				4C1F8BD623E1A3F300D5413C /* Base */,
			);
			name = LaunchScreen.storyboard;
			sourceTree = "<group>";
		};
/* End PBXVariantGroup section */

/* Begin XCBuildConfiguration section */
		4C1F8BD923E1A3F300D5413C /* Debug */ = {
			isa = XCBuildConfiguration;
			buildSettings = {
				ALWAYS_SEARCH_USER_PATHS = NO;
				CLANG_ANALYZER_NONNULL = YES;
				CLANG_ANALYZER_NUMBER_OBJECT_CONVERSION = YES_AGGRESSIVE;
				CLANG_CXX_LANGUAGE_STANDARD = "gnu++14";
				CLANG_CXX_LIBRARY = "libc++";
				CLANG_ENABLE_MODULES = YES;
				CLANG_ENABLE_OBJC_ARC = YES;
				CLANG_ENABLE_OBJC_WEAK = YES;
				CLANG_WARN_BLOCK_CAPTURE_AUTORELEASING = YES;
				CLANG_WARN_BOOL_CONVERSION = YES;
				CLANG_WARN_COMMA = YES;
				CLANG_WARN_CONSTANT_CONVERSION = YES;
				CLANG_WARN_DEPRECATED_OBJC_IMPLEMENTATIONS = YES;
				CLANG_WARN_DIRECT_OBJC_ISA_USAGE = YES_ERROR;
				CLANG_WARN_DOCUMENTATION_COMMENTS = YES;
				CLANG_WARN_EMPTY_BODY = YES;
				CLANG_WARN_ENUM_CONVERSION = YES;
				CLANG_WARN_INFINITE_RECURSION = YES;
				CLANG_WARN_INT_CONVERSION = YES;
				CLANG_WARN_NON_LITERAL_NULL_CONVERSION = YES;
				CLANG_WARN_OBJC_IMPLICIT_RETAIN_SELF = YES;
				CLANG_WARN_OBJC_LITERAL_CONVERSION = YES;
				CLANG_WARN_OBJC_ROOT_CLASS = YES_ERROR;
				CLANG_WARN_RANGE_LOOP_ANALYSIS = YES;
				CLANG_WARN_STRICT_PROTOTYPES = YES;
				CLANG_WARN_SUSPICIOUS_MOVE = YES;
				CLANG_WARN_UNGUARDED_AVAILABILITY = YES_AGGRESSIVE;
				CLANG_WARN_UNREACHABLE_CODE = YES;
				CLANG_WARN__DUPLICATE_METHOD_MATCH = YES;
				COPY_PHASE_STRIP = NO;
				DEBUG_INFORMATION_FORMAT = dwarf;
				ENABLE_STRICT_OBJC_MSGSEND = YES;
				ENABLE_TESTABILITY = YES;
				GCC_C_LANGUAGE_STANDARD = gnu11;
				GCC_DYNAMIC_NO_PIC = NO;
				GCC_NO_COMMON_BLOCKS = YES;
				GCC_OPTIMIZATION_LEVEL = 0;
				GCC_PREPROCESSOR_DEFINITIONS = (
					"DEBUG=1",
					"$(inherited)",
				);
				GCC_WARN_64_TO_32_BIT_CONVERSION = YES;
				GCC_WARN_ABOUT_RETURN_TYPE = YES_ERROR;
				GCC_WARN_UNDECLARED_SELECTOR = YES;
				GCC_WARN_UNINITIALIZED_AUTOS = YES_AGGRESSIVE;
				GCC_WARN_UNUSED_FUNCTION = YES;
				GCC_WARN_UNUSED_VARIABLE = YES;
				IPHONEOS_DEPLOYMENT_TARGET = 13.2;
				MTL_ENABLE_DEBUG_INFO = INCLUDE_SOURCE;
				MTL_FAST_MATH = YES;
				ONLY_ACTIVE_ARCH = YES;
				SDKROOT = iphoneos;
				SWIFT_ACTIVE_COMPILATION_CONDITIONS = DEBUG;
				SWIFT_OPTIMIZATION_LEVEL = "-Onone";
			};
			name = Debug;
		};
		4C1F8BDA23E1A3F300D5413C /* Release */ = {
			isa = XCBuildConfiguration;
			buildSettings = {
				ALWAYS_SEARCH_USER_PATHS = NO;
				CLANG_ANALYZER_NONNULL = YES;
				CLANG_ANALYZER_NUMBER_OBJECT_CONVERSION = YES_AGGRESSIVE;
				CLANG_CXX_LANGUAGE_STANDARD = "gnu++14";
				CLANG_CXX_LIBRARY = "libc++";
				CLANG_ENABLE_MODULES = YES;
				CLANG_ENABLE_OBJC_ARC = YES;
				CLANG_ENABLE_OBJC_WEAK = YES;
				CLANG_WARN_BLOCK_CAPTURE_AUTORELEASING = YES;
				CLANG_WARN_BOOL_CONVERSION = YES;
				CLANG_WARN_COMMA = YES;
				CLANG_WARN_CONSTANT_CONVERSION = YES;
				CLANG_WARN_DEPRECATED_OBJC_IMPLEMENTATIONS = YES;
				CLANG_WARN_DIRECT_OBJC_ISA_USAGE = YES_ERROR;
				CLANG_WARN_DOCUMENTATION_COMMENTS = YES;
				CLANG_WARN_EMPTY_BODY = YES;
				CLANG_WARN_ENUM_CONVERSION = YES;
				CLANG_WARN_INFINITE_RECURSION = YES;
				CLANG_WARN_INT_CONVERSION = YES;
				CLANG_WARN_NON_LITERAL_NULL_CONVERSION = YES;
				CLANG_WARN_OBJC_IMPLICIT_RETAIN_SELF = YES;
				CLANG_WARN_OBJC_LITERAL_CONVERSION = YES;
				CLANG_WARN_OBJC_ROOT_CLASS = YES_ERROR;
				CLANG_WARN_RANGE_LOOP_ANALYSIS = YES;
				CLANG_WARN_STRICT_PROTOTYPES = YES;
				CLANG_WARN_SUSPICIOUS_MOVE = YES;
				CLANG_WARN_UNGUARDED_AVAILABILITY = YES_AGGRESSIVE;
				CLANG_WARN_UNREACHABLE_CODE = YES;
				CLANG_WARN__DUPLICATE_METHOD_MATCH = YES;
				COPY_PHASE_STRIP = NO;
				DEBUG_INFORMATION_FORMAT = "dwarf-with-dsym";
				ENABLE_NS_ASSERTIONS = NO;
				ENABLE_STRICT_OBJC_MSGSEND = YES;
				GCC_C_LANGUAGE_STANDARD = gnu11;
				GCC_NO_COMMON_BLOCKS = YES;
				GCC_WARN_64_TO_32_BIT_CONVERSION = YES;
				GCC_WARN_ABOUT_RETURN_TYPE = YES_ERROR;
				GCC_WARN_UNDECLARED_SELECTOR = YES;
				GCC_WARN_UNINITIALIZED_AUTOS = YES_AGGRESSIVE;
				GCC_WARN_UNUSED_FUNCTION = YES;
				GCC_WARN_UNUSED_VARIABLE = YES;
				IPHONEOS_DEPLOYMENT_TARGET = 13.2;
				MTL_ENABLE_DEBUG_INFO = NO;
				MTL_FAST_MATH = YES;
				SDKROOT = iphoneos;
				SWIFT_COMPILATION_MODE = wholemodule;
				SWIFT_OPTIMIZATION_LEVEL = "-O";
				VALIDATE_PRODUCT = YES;
			};
			name = Release;
		};
		4C1F8BDC23E1A3F300D5413C /* Debug */ = {
			isa = XCBuildConfiguration;
			buildSettings = {
				ASSETCATALOG_COMPILER_APPICON_NAME = AppIcon;
				CODE_SIGN_STYLE = Automatic;
				DEVELOPMENT_TEAM = YWX9475HW8;
				INFOPLIST_FILE = BSCTest/SupportingFiles/Info.plist;
				IPHONEOS_DEPLOYMENT_TARGET = 13.0;
				LD_RUNPATH_SEARCH_PATHS = (
					"$(inherited)",
					"@executable_path/Frameworks",
				);
				PRODUCT_BUNDLE_IDENTIFIER = com.danielfcodes.BSCTest;
				PRODUCT_NAME = "$(TARGET_NAME)";
				SWIFT_VERSION = 5.0;
				TARGETED_DEVICE_FAMILY = "1,2";
			};
			name = Debug;
		};
		4C1F8BDD23E1A3F300D5413C /* Release */ = {
			isa = XCBuildConfiguration;
			buildSettings = {
				ASSETCATALOG_COMPILER_APPICON_NAME = AppIcon;
				CODE_SIGN_STYLE = Automatic;
				DEVELOPMENT_TEAM = YWX9475HW8;
				INFOPLIST_FILE = BSCTest/SupportingFiles/Info.plist;
				IPHONEOS_DEPLOYMENT_TARGET = 13.0;
				LD_RUNPATH_SEARCH_PATHS = (
					"$(inherited)",
					"@executable_path/Frameworks",
				);
				PRODUCT_BUNDLE_IDENTIFIER = com.danielfcodes.BSCTest;
				PRODUCT_NAME = "$(TARGET_NAME)";
				SWIFT_VERSION = 5.0;
				TARGETED_DEVICE_FAMILY = "1,2";
			};
			name = Release;
		};
/* End XCBuildConfiguration section */

/* Begin XCConfigurationList section */
		4C1F8BC223E1A3EE00D5413C /* Build configuration list for PBXProject "BSCTest" */ = {
			isa = XCConfigurationList;
			buildConfigurations = (
				4C1F8BD923E1A3F300D5413C /* Debug */,
				4C1F8BDA23E1A3F300D5413C /* Release */,
			);
			defaultConfigurationIsVisible = 0;
			defaultConfigurationName = Release;
		};
		4C1F8BDB23E1A3F300D5413C /* Build configuration list for PBXNativeTarget "BSCTest" */ = {
			isa = XCConfigurationList;
			buildConfigurations = (
				4C1F8BDC23E1A3F300D5413C /* Debug */,
				4C1F8BDD23E1A3F300D5413C /* Release */,
			);
			defaultConfigurationIsVisible = 0;
			defaultConfigurationName = Release;
		};
/* End XCConfigurationList section */
	};
	rootObject = 4C1F8BBF23E1A3EE00D5413C /* Project object */;
}
